
Microsoft Visual Studio Solution File, Format Version 12.00
# Visual Studio 15
VisualStudioVersion = 15.0.27703.2042
MinimumVisualStudioVersion = 10.0.40219.1
Project("{FAE04EC0-301F-11D3-BF4B-00C04F79EFBC}") = "myCrm.api", "myCrm.api\myCrm.api.csproj", "{EA50083D-6C48-4342-88F5-24300BFC61B8}"
EndProject
Project("{FAE04EC0-301F-11D3-BF4B-00C04F79EFBC}") = "myCrm.Infrastructure", "myCrm.Infrastructure\myCrm.Infrastructure.csproj", "{174AA780-D227-4767-9CE0-2B46B69E601F}"
EndProject
Project("{FAE04EC0-301F-11D3-BF4B-00C04F79EFBC}") = "myCrm.core", "myCrm.core\myCrm.core.csproj", "{5DCE3598-4F92-42C5-A073-231912580271}"
EndProject
Global
	GlobalSection(SolutionConfigurationPlatforms) = preSolution
		Debug|Any CPU = Debug|Any CPU
		Release|Any CPU = Release|Any CPU
	EndGlobalSection
	GlobalSection(ProjectConfigurationPlatforms) = postSolution
		{EA50083D-6C48-4342-88F5-24300BFC61B8}.Debug|Any CPU.ActiveCfg = Debug|Any CPU
		{EA50083D-6C48-4342-88F5-24300BFC61B8}.Debug|Any CPU.Build.0 = Debug|Any CPU
		{EA50083D-6C48-4342-88F5-24300BFC61B8}.Release|Any CPU.ActiveCfg = Release|Any CPU
		{EA50083D-6C48-4342-88F5-24300BFC61B8}.Release|Any CPU.Build.0 = Release|Any CPU
		{174AA780-D227-4767-9CE0-2B46B69E601F}.Debug|Any CPU.ActiveCfg = Debug|Any CPU
		{174AA780-D227-4767-9CE0-2B46B69E601F}.Debug|Any CPU.Build.0 = Debug|Any CPU
		{174AA780-D227-4767-9CE0-2B46B69E601F}.Release|Any CPU.ActiveCfg = Release|Any CPU
		{174AA780-D227-4767-9CE0-2B46B69E601F}.Release|Any CPU.Build.0 = Release|Any CPU
		{5DCE3598-4F92-42C5-A073-231912580271}.Debug|Any CPU.ActiveCfg = Debug|Any CPU
		{5DCE3598-4F92-42C5-A073-231912580271}.Debug|Any CPU.Build.0 = Debug|Any CPU
		{5DCE3598-4F92-42C5-A073-231912580271}.Release|Any CPU.ActiveCfg = Release|Any CPU
		{5DCE3598-4F92-42C5-A073-231912580271}.Release|Any CPU.Build.0 = Release|Any CPU
	EndGlobalSection
	GlobalSection(SolutionProperties) = preSolution
		HideSolutionNode = FALSE
	EndGlobalSection
	GlobalSection(ExtensibilityGlobals) = postSolution
		SolutionGuid = {A6F0DC7F-C9D8-4D98-AC34-D289CDF1C966}
	EndGlobalSection
EndGlobal
